
Microsoft Visual Studio Solution File, Format Version 12.00
# Visual Studio Version 17
VisualStudioVersion = 17.8.34322.80
MinimumVisualStudioVersion = 10.0.40219.1
Project("{FAE04EC0-301F-11D3-BF4B-00C04F79EFBC}") = "OpenPoliceDataCli", "OpenPoliceDataCli\OpenPoliceDataCli.csproj", "{DDE4963D-2E58-4314-B59E-0181C633ADA4}"
EndProject
Project("{FAE04EC0-301F-11D3-BF4B-00C04F79EFBC}") = "OpenPoliceDataCli.Models", "OpenPoliceDataCli.Models\OpenPoliceDataCli.Models.csproj", "{66A408C8-55F2-414F-B552-AEF106959FE8}"
EndProject
Global
	GlobalSection(SolutionConfigurationPlatforms) = preSolution
		Debug|Any CPU = Debug|Any CPU
		Release|Any CPU = Release|Any CPU
	EndGlobalSection
	GlobalSection(ProjectConfigurationPlatforms) = postSolution
		{DDE4963D-2E58-4314-B59E-0181C633ADA4}.Debug|Any CPU.ActiveCfg = Debug|Any CPU
		{DDE4963D-2E58-4314-B59E-0181C633ADA4}.Debug|Any CPU.Build.0 = Debug|Any CPU
		{DDE4963D-2E58-4314-B59E-0181C633ADA4}.Release|Any CPU.ActiveCfg = Release|Any CPU
		{DDE4963D-2E58-4314-B59E-0181C633ADA4}.Release|Any CPU.Build.0 = Release|Any CPU
		{66A408C8-55F2-414F-B552-AEF106959FE8}.Debug|Any CPU.ActiveCfg = Debug|Any CPU
		{66A408C8-55F2-414F-B552-AEF106959FE8}.Debug|Any CPU.Build.0 = Debug|Any CPU
		{66A408C8-55F2-414F-B552-AEF106959FE8}.Release|Any CPU.ActiveCfg = Release|Any CPU
		{66A408C8-55F2-414F-B552-AEF106959FE8}.Release|Any CPU.Build.0 = Release|Any CPU
	EndGlobalSection
	GlobalSection(SolutionProperties) = preSolution
		HideSolutionNode = FALSE
	EndGlobalSection
	GlobalSection(ExtensibilityGlobals) = postSolution
		SolutionGuid = {B0F26129-0C9B-4999-9126-DE4480548C55}
	EndGlobalSection
EndGlobal
